
Microsoft Visual Studio Solution File, Format Version 12.00
# Visual Studio Version 17
VisualStudioVersion = 17.11.35222.181
MinimumVisualStudioVersion = 10.0.40219.1
Project("{FAE04EC0-301F-11D3-BF4B-00C04F79EFBC}") = "SimpleRestApiPostgres", "SimpleRestApiPostgres.csproj", "{B3A010AB-AF3F-4B14-B9E2-736867146792}"
EndProject
Global
	GlobalSection(SolutionConfigurationPlatforms) = preSolution
		Debug|Any CPU = Debug|Any CPU
		Release|Any CPU = Release|Any CPU
	EndGlobalSection
	GlobalSection(ProjectConfigurationPlatforms) = postSolution
		{B3A010AB-AF3F-4B14-B9E2-736867146792}.Debug|Any CPU.ActiveCfg = Debug|Any CPU
		{B3A010AB-AF3F-4B14-B9E2-736867146792}.Debug|Any CPU.Build.0 = Debug|Any CPU
		{B3A010AB-AF3F-4B14-B9E2-736867146792}.Release|Any CPU.ActiveCfg = Release|Any CPU
		{B3A010AB-AF3F-4B14-B9E2-736867146792}.Release|Any CPU.Build.0 = Release|Any CPU
	EndGlobalSection
	GlobalSection(SolutionProperties) = preSolution
		HideSolutionNode = FALSE
	EndGlobalSection
	GlobalSection(ExtensibilityGlobals) = postSolution
		SolutionGuid = {5193E181-4A30-4AB8-A6E6-24D6E138178C}
	EndGlobalSection
EndGlobal
